
Microsoft Visual Studio Solution File, Format Version 12.00
# Visual Studio Version 16
VisualStudioVersion = 16.0.31112.23
MinimumVisualStudioVersion = 10.0.40219.1
Project("{FAE04EC0-301F-11D3-BF4B-00C04F79EFBC}") = "Weather.UWP", "Weather\Weather.UWP\Weather.UWP.csproj", "{C6C510D1-DEEA-45C5-AD96-55CE44F19DA3}"
EndProject
Project("{FAE04EC0-301F-11D3-BF4B-00C04F79EFBC}") = "Weather.Android", "Weather\Weather.Android\Weather.Android.csproj", "{06A82A3F-338F-47FF-8248-392948ABE110}"
EndProject
Project("{FAE04EC0-301F-11D3-BF4B-00C04F79EFBC}") = "Weather.iOS", "Weather\Weather.iOS\Weather.iOS.csproj", "{76716930-FC72-4C4B-B551-C5D5E3226FC6}"
EndProject
Project("{FAE04EC0-301F-11D3-BF4B-00C04F79EFBC}") = "Weather", "Weather\Weather\Weather.csproj", "{74199CB3-0EF0-49E2-9A3A-E0D34D6C714B}"
EndProject
Global
	GlobalSection(SolutionConfigurationPlatforms) = preSolution
		Debug|Any CPU = Debug|Any CPU
		Debug|ARM = Debug|ARM
		Debug|iPhone = Debug|iPhone
		Debug|iPhoneSimulator = Debug|iPhoneSimulator
		Debug|x64 = Debug|x64
		Debug|x86 = Debug|x86
		Release|Any CPU = Release|Any CPU
		Release|ARM = Release|ARM
		Release|iPhone = Release|iPhone
		Release|iPhoneSimulator = Release|iPhoneSimulator
		Release|x64 = Release|x64
		Release|x86 = Release|x86
	EndGlobalSection
	GlobalSection(ProjectConfigurationPlatforms) = postSolution
		{C6C510D1-DEEA-45C5-AD96-55CE44F19DA3}.Debug|Any CPU.ActiveCfg = Debug|x86
		{C6C510D1-DEEA-45C5-AD96-55CE44F19DA3}.Debug|Any CPU.Build.0 = Debug|x86
		{C6C510D1-DEEA-45C5-AD96-55CE44F19DA3}.Debug|Any CPU.Deploy.0 = Debug|x86
		{C6C510D1-DEEA-45C5-AD96-55CE44F19DA3}.Debug|ARM.ActiveCfg = Debug|ARM
		{C6C510D1-DEEA-45C5-AD96-55CE44F19DA3}.Debug|ARM.Build.0 = Debug|ARM
		{C6C510D1-DEEA-45C5-AD96-55CE44F19DA3}.Debug|ARM.Deploy.0 = Debug|ARM
		{C6C510D1-DEEA-45C5-AD96-55CE44F19DA3}.Debug|iPhone.ActiveCfg = Debug|x86
		{C6C510D1-DEEA-45C5-AD96-55CE44F19DA3}.Debug|iPhone.Build.0 = Debug|x86
		{C6C510D1-DEEA-45C5-AD96-55CE44F19DA3}.Debug|iPhone.Deploy.0 = Debug|x86
		{C6C510D1-DEEA-45C5-AD96-55CE44F19DA3}.Debug|iPhoneSimulator.ActiveCfg = Debug|x86
		{C6C510D1-DEEA-45C5-AD96-55CE44F19DA3}.Debug|iPhoneSimulator.Build.0 = Debug|x86
		{C6C510D1-DEEA-45C5-AD96-55CE44F19DA3}.Debug|iPhoneSimulator.Deploy.0 = Debug|x86
		{C6C510D1-DEEA-45C5-AD96-55CE44F19DA3}.Debug|x64.ActiveCfg = Debug|x64
		{C6C510D1-DEEA-45C5-AD96-55CE44F19DA3}.Debug|x64.Build.0 = Debug|x64
		{C6C510D1-DEEA-45C5-AD96-55CE44F19DA3}.Debug|x64.Deploy.0 = Debug|x64
		{C6C510D1-DEEA-45C5-AD96-55CE44F19DA3}.Debug|x86.ActiveCfg = Debug|x86
		{C6C510D1-DEEA-45C5-AD96-55CE44F19DA3}.Debug|x86.Build.0 = Debug|x86
		{C6C510D1-DEEA-45C5-AD96-55CE44F19DA3}.Debug|x86.Deploy.0 = Debug|x86
		{C6C510D1-DEEA-45C5-AD96-55CE44F19DA3}.Release|Any CPU.ActiveCfg = Release|x86
		{C6C510D1-DEEA-45C5-AD96-55CE44F19DA3}.Release|Any CPU.Build.0 = Release|x86
		{C6C510D1-DEEA-45C5-AD96-55CE44F19DA3}.Release|Any CPU.Deploy.0 = Release|x86
		{C6C510D1-DEEA-45C5-AD96-55CE44F19DA3}.Release|ARM.ActiveCfg = Release|ARM
		{C6C510D1-DEEA-45C5-AD96-55CE44F19DA3}.Release|ARM.Build.0 = Release|ARM
		{C6C510D1-DEEA-45C5-AD96-55CE44F19DA3}.Release|ARM.Deploy.0 = Release|ARM
		{C6C510D1-DEEA-45C5-AD96-55CE44F19DA3}.Release|iPhone.ActiveCfg = Release|x86
		{C6C510D1-DEEA-45C5-AD96-55CE44F19DA3}.Release|iPhone.Build.0 = Release|x86
		{C6C510D1-DEEA-45C5-AD96-55CE44F19DA3}.Release|iPhone.Deploy.0 = Release|x86
		{C6C510D1-DEEA-45C5-AD96-55CE44F19DA3}.Release|iPhoneSimulator.ActiveCfg = Release|x86
		{C6C510D1-DEEA-45C5-AD96-55CE44F19DA3}.Release|iPhoneSimulator.Build.0 = Release|x86
		{C6C510D1-DEEA-45C5-AD96-55CE44F19DA3}.Release|iPhoneSimulator.Deploy.0 = Release|x86
		{C6C510D1-DEEA-45C5-AD96-55CE44F19DA3}.Release|x64.ActiveCfg = Release|x64
		{C6C510D1-DEEA-45C5-AD96-55CE44F19DA3}.Release|x64.Build.0 = Release|x64
		{C6C510D1-DEEA-45C5-AD96-55CE44F19DA3}.Release|x64.Deploy.0 = Release|x64
		{C6C510D1-DEEA-45C5-AD96-55CE44F19DA3}.Release|x86.ActiveCfg = Release|x86
		{C6C510D1-DEEA-45C5-AD96-55CE44F19DA3}.Release|x86.Build.0 = Release|x86
		{C6C510D1-DEEA-45C5-AD96-55CE44F19DA3}.Release|x86.Deploy.0 = Release|x86
		{06A82A3F-338F-47FF-8248-392948ABE110}.Debug|Any CPU.ActiveCfg = Debug|Any CPU
		{06A82A3F-338F-47FF-8248-392948ABE110}.Debug|Any CPU.Build.0 = Debug|Any CPU
		{06A82A3F-338F-47FF-8248-392948ABE110}.Debug|Any CPU.Deploy.0 = Debug|Any CPU
		{06A82A3F-338F-47FF-8248-392948ABE110}.Debug|ARM.ActiveCfg = Debug|Any CPU
		{06A82A3F-338F-47FF-8248-392948ABE110}.Debug|ARM.Build.0 = Debug|Any CPU
		{06A82A3F-338F-47FF-8248-392948ABE110}.Debug|ARM.Deploy.0 = Debug|Any CPU
		{06A82A3F-338F-47FF-8248-392948ABE110}.Debug|iPhone.ActiveCfg = Debug|Any CPU
		{06A82A3F-338F-47FF-8248-392948ABE110}.Debug|iPhone.Build.0 = Debug|Any CPU
		{06A82A3F-338F-47FF-8248-392948ABE110}.Debug|iPhone.Deploy.0 = Debug|Any CPU
		{06A82A3F-338F-47FF-8248-392948ABE110}.Debug|iPhoneSimulator.ActiveCfg = Debug|Any CPU
		{06A82A3F-338F-47FF-8248-392948ABE110}.Debug|iPhoneSimulator.Build.0 = Debug|Any CPU
		{06A82A3F-338F-47FF-8248-392948ABE110}.Debug|iPhoneSimulator.Deploy.0 = Debug|Any CPU
		{06A82A3F-338F-47FF-8248-392948ABE110}.Debug|x64.ActiveCfg = Debug|Any CPU
		{06A82A3F-338F-47FF-8248-392948ABE110}.Debug|x64.Build.0 = Debug|Any CPU
		{06A82A3F-338F-47FF-8248-392948ABE110}.Debug|x64.Deploy.0 = Debug|Any CPU
		{06A82A3F-338F-47FF-8248-392948ABE110}.Debug|x86.ActiveCfg = Debug|Any CPU
		{06A82A3F-338F-47FF-8248-392948ABE110}.Debug|x86.Build.0 = Debug|Any CPU
		{06A82A3F-338F-47FF-8248-392948ABE110}.Debug|x86.Deploy.0 = Debug|Any CPU
		{06A82A3F-338F-47FF-8248-392948ABE110}.Release|Any CPU.ActiveCfg = Release|Any CPU
		{06A82A3F-338F-47FF-8248-392948ABE110}.Release|Any CPU.Build.0 = Release|Any CPU
		{06A82A3F-338F-47FF-8248-392948ABE110}.Release|Any CPU.Deploy.0 = Release|Any CPU
		{06A82A3F-338F-47FF-8248-392948ABE110}.Release|ARM.ActiveCfg = Release|Any CPU
		{06A82A3F-338F-47FF-8248-392948ABE110}.Release|ARM.Build.0 = Release|Any CPU
		{06A82A3F-338F-47FF-8248-392948ABE110}.Release|ARM.Deploy.0 = Release|Any CPU
		{06A82A3F-338F-47FF-8248-392948ABE110}.Release|iPhone.ActiveCfg = Release|Any CPU
		{06A82A3F-338F-47FF-8248-392948ABE110}.Release|iPhone.Build.0 = Release|Any CPU
		{06A82A3F-338F-47FF-8248-392948ABE110}.Release|iPhone.Deploy.0 = Release|Any CPU
		{06A82A3F-338F-47FF-8248-392948ABE110}.Release|iPhoneSimulator.ActiveCfg = Release|Any CPU
		{06A82A3F-338F-47FF-8248-392948ABE110}.Release|iPhoneSimulator.Build.0 = Release|Any CPU
		{06A82A3F-338F-47FF-8248-392948ABE110}.Release|iPhoneSimulator.Deploy.0 = Release|Any CPU
		{06A82A3F-338F-47FF-8248-392948ABE110}.Release|x64.ActiveCfg = Release|Any CPU
		{06A82A3F-338F-47FF-8248-392948ABE110}.Release|x64.Build.0 = Release|Any CPU
		{06A82A3F-338F-47FF-8248-392948ABE110}.Release|x64.Deploy.0 = Release|Any CPU
		{06A82A3F-338F-47FF-8248-392948ABE110}.Release|x86.ActiveCfg = Release|Any CPU
		{06A82A3F-338F-47FF-8248-392948ABE110}.Release|x86.Build.0 = Release|Any CPU
		{06A82A3F-338F-47FF-8248-392948ABE110}.Release|x86.Deploy.0 = Release|Any CPU
		{76716930-FC72-4C4B-B551-C5D5E3226FC6}.Debug|Any CPU.ActiveCfg = Debug|iPhoneSimulator
		{76716930-FC72-4C4B-B551-C5D5E3226FC6}.Debug|Any CPU.Build.0 = Debug|iPhoneSimulator
		{76716930-FC72-4C4B-B551-C5D5E3226FC6}.Debug|Any CPU.Deploy.0 = Debug|iPhoneSimulator
		{76716930-FC72-4C4B-B551-C5D5E3226FC6}.Debug|ARM.ActiveCfg = Debug|iPhone
		{76716930-FC72-4C4B-B551-C5D5E3226FC6}.Debug|ARM.Build.0 = Debug|iPhone
		{76716930-FC72-4C4B-B551-C5D5E3226FC6}.Debug|ARM.Deploy.0 = Debug|iPhone
		{76716930-FC72-4C4B-B551-C5D5E3226FC6}.Debug|iPhone.ActiveCfg = Debug|iPhone
		{76716930-FC72-4C4B-B551-C5D5E3226FC6}.Debug|iPhone.Build.0 = Debug|iPhone
		{76716930-FC72-4C4B-B551-C5D5E3226FC6}.Debug|iPhone.Deploy.0 = Debug|iPhone
		{76716930-FC72-4C4B-B551-C5D5E3226FC6}.Debug|iPhoneSimulator.ActiveCfg = Debug|iPhoneSimulator
		{76716930-FC72-4C4B-B551-C5D5E3226FC6}.Debug|iPhoneSimulator.Build.0 = Debug|iPhoneSimulator
		{76716930-FC72-4C4B-B551-C5D5E3226FC6}.Debug|iPhoneSimulator.Deploy.0 = Debug|iPhoneSimulator
		{76716930-FC72-4C4B-B551-C5D5E3226FC6}.Debug|x64.ActiveCfg = Debug|iPhoneSimulator
		{76716930-FC72-4C4B-B551-C5D5E3226FC6}.Debug|x64.Build.0 = Debug|iPhoneSimulator
		{76716930-FC72-4C4B-B551-C5D5E3226FC6}.Debug|x64.Deploy.0 = Debug|iPhoneSimulator
		{76716930-FC72-4C4B-B551-C5D5E3226FC6}.Debug|x86.ActiveCfg = Debug|iPhoneSimulator
		{76716930-FC72-4C4B-B551-C5D5E3226FC6}.Debug|x86.Build.0 = Debug|iPhoneSimulator
		{76716930-FC72-4C4B-B551-C5D5E3226FC6}.Debug|x86.Deploy.0 = Debug|iPhoneSimulator
		{76716930-FC72-4C4B-B551-C5D5E3226FC6}.Release|Any CPU.ActiveCfg = Release|iPhoneSimulator
		{76716930-FC72-4C4B-B551-C5D5E3226FC6}.Release|Any CPU.Build.0 = Release|iPhoneSimulator
		{76716930-FC72-4C4B-B551-C5D5E3226FC6}.Release|Any CPU.Deploy.0 = Release|iPhoneSimulator
		{76716930-FC72-4C4B-B551-C5D5E3226FC6}.Release|ARM.ActiveCfg = Release|iPhoneSimulator
		{76716930-FC72-4C4B-B551-C5D5E3226FC6}.Release|ARM.Build.0 = Release|iPhoneSimulator
		{76716930-FC72-4C4B-B551-C5D5E3226FC6}.Release|ARM.Deploy.0 = Release|iPhoneSimulator
		{76716930-FC72-4C4B-B551-C5D5E3226FC6}.Release|iPhone.ActiveCfg = Release|iPhone
		{76716930-FC72-4C4B-B551-C5D5E3226FC6}.Release|iPhone.Build.0 = Release|iPhone
		{76716930-FC72-4C4B-B551-C5D5E3226FC6}.Release|iPhone.Deploy.0 = Release|iPhone
		{76716930-FC72-4C4B-B551-C5D5E3226FC6}.Release|iPhoneSimulator.ActiveCfg = Release|iPhoneSimulator
		{76716930-FC72-4C4B-B551-C5D5E3226FC6}.Release|iPhoneSimulator.Build.0 = Release|iPhoneSimulator
		{76716930-FC72-4C4B-B551-C5D5E3226FC6}.Release|iPhoneSimulator.Deploy.0 = Release|iPhoneSimulator
		{76716930-FC72-4C4B-B551-C5D5E3226FC6}.Release|x64.ActiveCfg = Release|iPhoneSimulator
		{76716930-FC72-4C4B-B551-C5D5E3226FC6}.Release|x64.Build.0 = Release|iPhoneSimulator
		{76716930-FC72-4C4B-B551-C5D5E3226FC6}.Release|x64.Deploy.0 = Release|iPhoneSimulator
		{76716930-FC72-4C4B-B551-C5D5E3226FC6}.Release|x86.ActiveCfg = Release|iPhoneSimulator
		{76716930-FC72-4C4B-B551-C5D5E3226FC6}.Release|x86.Build.0 = Release|iPhoneSimulator
		{76716930-FC72-4C4B-B551-C5D5E3226FC6}.Release|x86.Deploy.0 = Release|iPhoneSimulator
		{74199CB3-0EF0-49E2-9A3A-E0D34D6C714B}.Debug|Any CPU.ActiveCfg = Debug|Any CPU
		{74199CB3-0EF0-49E2-9A3A-E0D34D6C714B}.Debug|Any CPU.Build.0 = Debug|Any CPU
		{74199CB3-0EF0-49E2-9A3A-E0D34D6C714B}.Debug|Any CPU.Deploy.0 = Debug|Any CPU
		{74199CB3-0EF0-49E2-9A3A-E0D34D6C714B}.Debug|ARM.ActiveCfg = Debug|Any CPU
		{74199CB3-0EF0-49E2-9A3A-E0D34D6C714B}.Debug|ARM.Build.0 = Debug|Any CPU
		{74199CB3-0EF0-49E2-9A3A-E0D34D6C714B}.Debug|ARM.Deploy.0 = Debug|Any CPU
		{74199CB3-0EF0-49E2-9A3A-E0D34D6C714B}.Debug|iPhone.ActiveCfg = Debug|Any CPU
		{74199CB3-0EF0-49E2-9A3A-E0D34D6C714B}.Debug|iPhone.Build.0 = Debug|Any CPU
		{74199CB3-0EF0-49E2-9A3A-E0D34D6C714B}.Debug|iPhone.Deploy.0 = Debug|Any CPU
		{74199CB3-0EF0-49E2-9A3A-E0D34D6C714B}.Debug|iPhoneSimulator.ActiveCfg = Debug|Any CPU
		{74199CB3-0EF0-49E2-9A3A-E0D34D6C714B}.Debug|iPhoneSimulator.Build.0 = Debug|Any CPU
		{74199CB3-0EF0-49E2-9A3A-E0D34D6C714B}.Debug|iPhoneSimulator.Deploy.0 = Debug|Any CPU
		{74199CB3-0EF0-49E2-9A3A-E0D34D6C714B}.Debug|x64.ActiveCfg = Debug|Any CPU
		{74199CB3-0EF0-49E2-9A3A-E0D34D6C714B}.Debug|x64.Build.0 = Debug|Any CPU
		{74199CB3-0EF0-49E2-9A3A-E0D34D6C714B}.Debug|x64.Deploy.0 = Debug|Any CPU
		{74199CB3-0EF0-49E2-9A3A-E0D34D6C714B}.Debug|x86.ActiveCfg = Debug|Any CPU
		{74199CB3-0EF0-49E2-9A3A-E0D34D6C714B}.Debug|x86.Build.0 = Debug|Any CPU
		{74199CB3-0EF0-49E2-9A3A-E0D34D6C714B}.Debug|x86.Deploy.0 = Debug|Any CPU
		{74199CB3-0EF0-49E2-9A3A-E0D34D6C714B}.Release|Any CPU.ActiveCfg = Release|Any CPU
		{74199CB3-0EF0-49E2-9A3A-E0D34D6C714B}.Release|Any CPU.Build.0 = Release|Any CPU
		{74199CB3-0EF0-49E2-9A3A-E0D34D6C714B}.Release|Any CPU.Deploy.0 = Release|Any CPU
		{74199CB3-0EF0-49E2-9A3A-E0D34D6C714B}.Release|ARM.ActiveCfg = Release|Any CPU
		{74199CB3-0EF0-49E2-9A3A-E0D34D6C714B}.Release|ARM.Build.0 = Release|Any CPU
		{74199CB3-0EF0-49E2-9A3A-E0D34D6C714B}.Release|ARM.Deploy.0 = Release|Any CPU
		{74199CB3-0EF0-49E2-9A3A-E0D34D6C714B}.Release|iPhone.ActiveCfg = Release|Any CPU
		{74199CB3-0EF0-49E2-9A3A-E0D34D6C714B}.Release|iPhone.Build.0 = Release|Any CPU
		{74199CB3-0EF0-49E2-9A3A-E0D34D6C714B}.Release|iPhone.Deploy.0 = Release|Any CPU
		{74199CB3-0EF0-49E2-9A3A-E0D34D6C714B}.Release|iPhoneSimulator.ActiveCfg = Release|Any CPU
		{74199CB3-0EF0-49E2-9A3A-E0D34D6C714B}.Release|iPhoneSimulator.Build.0 = Release|Any CPU
		{74199CB3-0EF0-49E2-9A3A-E0D34D6C714B}.Release|iPhoneSimulator.Deploy.0 = Release|Any CPU
		{74199CB3-0EF0-49E2-9A3A-E0D34D6C714B}.Release|x64.ActiveCfg = Release|Any CPU
		{74199CB3-0EF0-49E2-9A3A-E0D34D6C714B}.Release|x64.Build.0 = Release|Any CPU
		{74199CB3-0EF0-49E2-9A3A-E0D34D6C714B}.Release|x64.Deploy.0 = Release|Any CPU
		{74199CB3-0EF0-49E2-9A3A-E0D34D6C714B}.Release|x86.ActiveCfg = Release|Any CPU
		{74199CB3-0EF0-49E2-9A3A-E0D34D6C714B}.Release|x86.Build.0 = Release|Any CPU
		{74199CB3-0EF0-49E2-9A3A-E0D34D6C714B}.Release|x86.Deploy.0 = Release|Any CPU
	EndGlobalSection
	GlobalSection(SolutionProperties) = preSolution
		HideSolutionNode = FALSE
	EndGlobalSection
	GlobalSection(ExtensibilityGlobals) = postSolution
		SolutionGuid = {408B1064-0D06-44B3-9B6D-330A62EE0026}
	EndGlobalSection
EndGlobal
